
Microsoft Visual Studio Solution File, Format Version 12.00
# Visual Studio Version 16
VisualStudioVersion = 16.0.30114.105
MinimumVisualStudioVersion = 10.0.40219.1
Project("{FAE04EC0-301F-11D3-BF4B-00C04F79EFBC}") = "BlazorLab", "BlazorLab\BlazorLab.csproj", "{97744C2F-C983-4D3F-B5C1-9EF9887DA877}"
EndProject
Global
	GlobalSection(SolutionConfigurationPlatforms) = preSolution
		Debug|Any CPU = Debug|Any CPU
		Release|Any CPU = Release|Any CPU
	EndGlobalSection
	GlobalSection(ProjectConfigurationPlatforms) = postSolution
		{97744C2F-C983-4D3F-B5C1-9EF9887DA877}.Debug|Any CPU.ActiveCfg = Debug|Any CPU
		{97744C2F-C983-4D3F-B5C1-9EF9887DA877}.Debug|Any CPU.Build.0 = Debug|Any CPU
		{97744C2F-C983-4D3F-B5C1-9EF9887DA877}.Release|Any CPU.ActiveCfg = Release|Any CPU
		{97744C2F-C983-4D3F-B5C1-9EF9887DA877}.Release|Any CPU.Build.0 = Release|Any CPU
	EndGlobalSection
	GlobalSection(SolutionProperties) = preSolution
		HideSolutionNode = FALSE
	EndGlobalSection
	GlobalSection(ExtensibilityGlobals) = postSolution
		SolutionGuid = {108637B2-67F5-4563-B822-5FB20A279116}
	EndGlobalSection
EndGlobal
