
Microsoft Visual Studio Solution File, Format Version 12.00
# Visual Studio Version 16
VisualStudioVersion = 16.0.30104.148
MinimumVisualStudioVersion = 10.0.40219.1
Project("{FAE04EC0-301F-11D3-BF4B-00C04F79EFBC}") = "labgogo", "labgogo\labgogo.csproj", "{E09ECF81-FCA5-4C3E-9AF8-16D7CCA226D1}"
EndProject
Global
	GlobalSection(SolutionConfigurationPlatforms) = preSolution
		Debug|Any CPU = Debug|Any CPU
		Release|Any CPU = Release|Any CPU
	EndGlobalSection
	GlobalSection(ProjectConfigurationPlatforms) = postSolution
		{E09ECF81-FCA5-4C3E-9AF8-16D7CCA226D1}.Debug|Any CPU.ActiveCfg = Debug|Any CPU
		{E09ECF81-FCA5-4C3E-9AF8-16D7CCA226D1}.Debug|Any CPU.Build.0 = Debug|Any CPU
		{E09ECF81-FCA5-4C3E-9AF8-16D7CCA226D1}.Release|Any CPU.ActiveCfg = Release|Any CPU
		{E09ECF81-FCA5-4C3E-9AF8-16D7CCA226D1}.Release|Any CPU.Build.0 = Release|Any CPU
	EndGlobalSection
	GlobalSection(SolutionProperties) = preSolution
		HideSolutionNode = FALSE
	EndGlobalSection
	GlobalSection(ExtensibilityGlobals) = postSolution
		SolutionGuid = {6EAEA887-15EE-493B-988D-026B82ABDBE9}
	EndGlobalSection
EndGlobal
